# THIS IS AN AUTOGENERATED FILE. DO NOT EDIT THIS FILE DIRECTLY.
# yarn lockfile v1


"@next/env@14.2.1":
  version "14.2.1"
  resolved "https://registry.npmjs.org/@next/env/-/env-14.2.1.tgz"
  integrity sha512-qsHJle3GU3CmVx7pUoXcghX4sRN+vINkbLdH611T8ZlsP//grzqVW87BSUgOZeSAD4q7ZdZicdwNe/20U2janA==

"@next/swc-darwin-arm64@14.2.1":
  version "14.2.1"
  resolved "https://registry.yarnpkg.com/@next/swc-darwin-arm64/-/swc-darwin-arm64-14.2.1.tgz#44ca580ccac1396fa45e2bcc6584238098491e71"
  integrity sha512-kGjnjcIJehEcd3rT/3NAATJQndAEELk0J9GmGMXHSC75TMnvpOhONcjNHbjtcWE5HUQnIHy5JVkatrnYm1QhVw==

"@next/swc-darwin-x64@14.2.1":
  version "14.2.1"
  resolved "https://registry.yarnpkg.com/@next/swc-darwin-x64/-/swc-darwin-x64-14.2.1.tgz#1747091f40fd3b0d8e072ba62203ec998619525f"
  integrity sha512-dAdWndgdQi7BK2WSXrx4lae7mYcOYjbHJUhvOUnJjMNYrmYhxbbvJ2xElZpxNxdfA6zkqagIB9He2tQk+l16ew==

"@next/swc-linux-arm64-gnu@14.2.1":
  version "14.2.1"
  resolved "https://registry.yarnpkg.com/@next/swc-linux-arm64-gnu/-/swc-linux-arm64-gnu-14.2.1.tgz#ede705718c316e65e3dd9ab31962824b8befb0cb"
  integrity sha512-2ZctfnyFOGvTkoD6L+DtQtO3BfFz4CapoHnyLTXkOxbZkVRgg3TQBUjTD/xKrO1QWeydeo8AWfZRg8539qNKrg==

"@next/swc-linux-arm64-musl@14.2.1":
  version "14.2.1"
  resolved "https://registry.yarnpkg.com/@next/swc-linux-arm64-musl/-/swc-linux-arm64-musl-14.2.1.tgz#ce50a5d94a7ba1f8e34a941f4ca076d8beebc79c"
  integrity sha512-jazZXctiaanemy4r+TPIpFP36t1mMwWCKMsmrTRVChRqE6putyAxZA4PDujx0SnfvZHosjdkx9xIq9BzBB5tWg==

"@next/swc-linux-x64-gnu@14.2.1":
  version "14.2.1"
  resolved "https://registry.yarnpkg.com/@next/swc-linux-x64-gnu/-/swc-linux-x64-gnu-14.2.1.tgz#ac3e8fa4d028fe7a9d9b7c33db3ab65679ae5fe2"
  integrity sha512-VjCHWCjsAzQAAo8lkBOLEIkBZFdfW+Z18qcQ056kL4KpUYc8o59JhLDCBlhg+hINQRgzQ2UPGma2AURGOH0+Qg==

"@next/swc-linux-x64-musl@14.2.1":
  version "14.2.1"
  resolved "https://registry.yarnpkg.com/@next/swc-linux-x64-musl/-/swc-linux-x64-musl-14.2.1.tgz#2beb7bee80dfb54a36d81392f21c599014018177"
  integrity sha512-7HZKYKvAp4nAHiHIbY04finRqjeYvkITOGOurP1aLMexIFG/1+oCnqhGogBdc4lao/lkMW1c+AkwWSzSlLasqw==

"@next/swc-win32-arm64-msvc@14.2.1":
  version "14.2.1"
  resolved "https://registry.yarnpkg.com/@next/swc-win32-arm64-msvc/-/swc-win32-arm64-msvc-14.2.1.tgz#b25df35a6ed99eb73bfed07822dd28a37aaab9f9"
  integrity sha512-YGHklaJ/Cj/F0Xd8jxgj2p8po4JTCi6H7Z3Yics3xJhm9CPIqtl8erlpK1CLv+HInDqEWfXilqatF8YsLxxA2Q==

"@next/swc-win32-ia32-msvc@14.2.1":
  version "14.2.1"
  resolved "https://registry.yarnpkg.com/@next/swc-win32-ia32-msvc/-/swc-win32-ia32-msvc-14.2.1.tgz#2cc67b93f0a71a8f3c1dd735676f4c9ddd4240ff"
  integrity sha512-o+ISKOlvU/L43ZhtAAfCjwIfcwuZstiHVXq/BDsZwGqQE0h/81td95MPHliWCnFoikzWcYqh+hz54ZB2FIT8RA==

"@next/swc-win32-x64-msvc@14.2.1":
  version "14.2.1"
  resolved "https://registry.npmjs.org/@next/swc-win32-x64-msvc/-/swc-win32-x64-msvc-14.2.1.tgz"
  integrity sha512-GmRoTiLcvCLifujlisknv4zu9/C4i9r0ktsA8E51EMqJL4bD4CpO7lDYr7SrUxCR0tS4RVcrqKmCak24T0ohaw==

"@reduxjs/toolkit@^2.2.3":
  version "2.2.3"
  resolved "https://registry.yarnpkg.com/@reduxjs/toolkit/-/toolkit-2.2.3.tgz#5ce71cbf162f98c5dafb49bd3f1e11c5486ab9c4"
  integrity sha512-76dll9EnJXg4EVcI5YNxZA/9hSAmZsFqzMmNRHvIlzw2WS/twfcVX3ysYrWGJMClwEmChQFC4yRq74tn6fdzRA==
  dependencies:
    immer "^10.0.3"
    redux "^5.0.1"
    redux-thunk "^3.1.0"
    reselect "^5.0.1"

"@swc/counter@^0.1.3":
  version "0.1.3"
  resolved "https://registry.npmjs.org/@swc/counter/-/counter-0.1.3.tgz"
  integrity sha512-e2BR4lsJkkRlKZ/qCHPw9ZaSxc0MVUd7gtbtaB7aMvHeJVYe8sOB8DBZkP2DtISHGSku9sCK6T6cnY0CtXrOCQ==

"@swc/helpers@0.5.5":
  version "0.5.5"
  resolved "https://registry.npmjs.org/@swc/helpers/-/helpers-0.5.5.tgz"
  integrity sha512-KGYxvIOXcceOAbEk4bi/dVLEK9z8sZ0uBB3Il5b1rhfClSpcX0yfRO0KmTkqR2cnQDymwLB+25ZyMzICg/cm/A==
  dependencies:
    "@swc/counter" "^0.1.3"
    tslib "^2.4.0"

"@types/node@^20":
  version "20.12.7"
  resolved "https://registry.npmjs.org/@types/node/-/node-20.12.7.tgz"
  integrity sha512-wq0cICSkRLVaf3UGLMGItu/PtdY7oaXaI/RVU+xliKVOtRna3PRY57ZDfztpDL0n11vfymMUnXv8QwYCO7L1wg==
  dependencies:
    undici-types "~5.26.4"

"@types/prop-types@*":
  version "15.7.12"
  resolved "https://registry.npmjs.org/@types/prop-types/-/prop-types-15.7.12.tgz"
  integrity sha512-5zvhXYtRNRluoE/jAp4GVsSduVUzNWKkOZrCDBWYtE7biZywwdC2AcEzg+cSMLFRfVgeAFqpfNabiPjxFddV1Q==

"@types/react-dom@^18":
  version "18.2.25"
  resolved "https://registry.npmjs.org/@types/react-dom/-/react-dom-18.2.25.tgz"
  integrity sha512-o/V48vf4MQh7juIKZU2QGDfli6p1+OOi5oXx36Hffpc9adsHeXjVp8rHuPkjd8VT8sOJ2Zp05HR7CdpGTIUFUA==
  dependencies:
    "@types/react" "*"

"@types/react@*", "@types/react@^18":
  version "18.2.79"
  resolved "https://registry.npmjs.org/@types/react/-/react-18.2.79.tgz"
  integrity sha512-RwGAGXPl9kSXwdNTafkOEuFrTBD5SA2B3iEB96xi8+xu5ddUa/cpvyVCSNn+asgLCTHkb5ZxN8gbuibYJi4s1w==
  dependencies:
    "@types/prop-types" "*"
    csstype "^3.0.2"

"@types/use-sync-external-store@^0.0.3":
  version "0.0.3"
  resolved "https://registry.yarnpkg.com/@types/use-sync-external-store/-/use-sync-external-store-0.0.3.tgz#b6725d5f4af24ace33b36fafd295136e75509f43"
  integrity sha512-EwmlvuaxPNej9+T4v5AuBPJa2x2UOJVdjCtDHgcDqitUeOtjnJKJ+apYjVcAoBEMjKW1VVFGZLUb5+qqa09XFA==

anymatch@~3.1.2:
  version "3.1.3"
  resolved "https://registry.npmjs.org/anymatch/-/anymatch-3.1.3.tgz"
  integrity sha512-KMReFUr0B4t+D+OBkjR3KYqvocp2XaSzO55UcB6mgQMd3KbcE+mWTyvVV7D/zsdEbNnV6acZUutkiHQXvTr1Rw==
  dependencies:
    normalize-path "^3.0.0"
    picomatch "^2.0.4"

binary-extensions@^2.0.0:
  version "2.3.0"
  resolved "https://registry.npmjs.org/binary-extensions/-/binary-extensions-2.3.0.tgz"
  integrity sha512-Ceh+7ox5qe7LJuLHoY0feh3pHuUDHAcRUeyL2VYghZwfpkNIy/+8Ocg0a3UuSoYzavmylwuLWQOf3hl0jjMMIw==

braces@~3.0.2:
  version "3.0.2"
  resolved "https://registry.npmjs.org/braces/-/braces-3.0.2.tgz"
  integrity sha512-b8um+L1RzM3WDSzvhm6gIz1yfTbBt6YTlcEKAvsmqCZZFw46z626lVj9j1yEPW33H5H+lBQpZMP1k8l+78Ha0A==
  dependencies:
    fill-range "^7.0.1"

busboy@1.6.0:
  version "1.6.0"
  resolved "https://registry.npmjs.org/busboy/-/busboy-1.6.0.tgz"
  integrity sha512-8SFQbg/0hQ9xy3UNTB0YEnsNBbWfhf7RtnzpL7TkBiTBRfrQ9Fxcnz7VJsleJpyp6rVLvXiuORqjlHi5q+PYuA==
  dependencies:
    streamsearch "^1.1.0"

caniuse-lite@^1.0.30001579:
  version "1.0.30001610"
  resolved "https://registry.npmjs.org/caniuse-lite/-/caniuse-lite-1.0.30001610.tgz"
  integrity sha512-QFutAY4NgaelojVMjY63o6XlZyORPaLfyMnsl3HgnWdJUcX6K0oaJymHjH8PT5Gk7sTm8rvC/c5COUQKXqmOMA==

"chokidar@>=3.0.0 <4.0.0":
  version "3.6.0"
  resolved "https://registry.npmjs.org/chokidar/-/chokidar-3.6.0.tgz"
  integrity sha512-7VT13fmjotKpGipCW9JEQAusEPE+Ei8nl6/g4FBAmIm0GOOLMua9NDDo/DWp0ZAxCr3cPq5ZpBqmPAQgDda2Pw==
  dependencies:
    anymatch "~3.1.2"
    braces "~3.0.2"
    glob-parent "~5.1.2"
    is-binary-path "~2.1.0"
    is-glob "~4.0.1"
    normalize-path "~3.0.0"
    readdirp "~3.6.0"
  optionalDependencies:
    fsevents "~2.3.2"

client-only@0.0.1:
  version "0.0.1"
  resolved "https://registry.npmjs.org/client-only/-/client-only-0.0.1.tgz"
  integrity sha512-IV3Ou0jSMzZrd3pZ48nLkT9DA7Ag1pnPzaiQhpW7c3RbcqqzvzzVu+L8gfqMp/8IM2MQtSiqaCxrrcfu8I8rMA==

csstype@^3.0.2:
  version "3.1.3"
  resolved "https://registry.npmjs.org/csstype/-/csstype-3.1.3.tgz"
  integrity sha512-M1uQkMl8rQK/szD0LNhtqxIPLpimGm8sOBwU7lLnCpSbTyY3yeU1Vc7l4KT5zT4s/yOxHH5O7tIuuLOCnLADRw==

fill-range@^7.0.1:
  version "7.0.1"
  resolved "https://registry.npmjs.org/fill-range/-/fill-range-7.0.1.tgz"
  integrity sha512-qOo9F+dMUmC2Lcb4BbVvnKJxTPjCm+RRpe4gDuGrzkL7mEVl/djYSu2OdQ2Pa302N4oqkSg9ir6jaLWJ2USVpQ==
  dependencies:
    to-regex-range "^5.0.1"

fsevents@~2.3.2:
  version "2.3.3"
  resolved "https://registry.yarnpkg.com/fsevents/-/fsevents-2.3.3.tgz#cac6407785d03675a2a5e1a5305c697b347d90d6"
  integrity sha512-5xoDfX+fL7faATnagmWPpbFtwh/R77WmMMqqHGS65C3vvB0YHrgF+B1YmZ3441tMj5n63k0212XNoJwzlhffQw==

glob-parent@~5.1.2:
  version "5.1.2"
  resolved "https://registry.npmjs.org/glob-parent/-/glob-parent-5.1.2.tgz"
  integrity sha512-AOIgSQCepiJYwP3ARnGx+5VnTu2HBYdzbGP45eLw1vr3zB3vZLeyed1sC9hnbcOc9/SrMyM5RPQrkGz4aS9Zow==
  dependencies:
    is-glob "^4.0.1"

graceful-fs@^4.2.11:
  version "4.2.11"
  resolved "https://registry.npmjs.org/graceful-fs/-/graceful-fs-4.2.11.tgz"
  integrity sha512-RbJ5/jmFcNNCcDV5o9eTnBLJ/HszWV0P73bc+Ff4nS/rJj+YaS6IGyiOL0VoBYX+l1Wrl3k63h/KrH+nhJ0XvQ==

immer@^10.0.3:
  version "10.0.4"
  resolved "https://registry.yarnpkg.com/immer/-/immer-10.0.4.tgz#09af41477236b99449f9d705369a4daaf780362b"
  integrity sha512-cuBuGK40P/sk5IzWa9QPUaAdvPHjkk1c+xYsd9oZw+YQQEV+10G0P5uMpGctZZKnyQ+ibRO08bD25nWLmYi2pw==

immutable@^4.0.0:
  version "4.3.5"
  resolved "https://registry.npmjs.org/immutable/-/immutable-4.3.5.tgz"
  integrity sha512-8eabxkth9gZatlwl5TBuJnCsoTADlL6ftEr7A4qgdaTsPyreilDSnUk57SO+jfKcNtxPa22U5KK6DSeAYhpBJw==

is-binary-path@~2.1.0:
  version "2.1.0"
  resolved "https://registry.npmjs.org/is-binary-path/-/is-binary-path-2.1.0.tgz"
  integrity sha512-ZMERYes6pDydyuGidse7OsHxtbI7WVeUEozgR/g7rd0xUimYNlvZRE/K2MgZTjWy725IfelLeVcEM97mmtRGXw==
  dependencies:
    binary-extensions "^2.0.0"

is-extglob@^2.1.1:
  version "2.1.1"
  resolved "https://registry.npmjs.org/is-extglob/-/is-extglob-2.1.1.tgz"
  integrity sha512-SbKbANkN603Vi4jEZv49LeVJMn4yGwsbzZworEoyEiutsN3nJYdbO36zfhGJ6QEDpOZIFkDtnq5JRxmvl3jsoQ==

is-glob@^4.0.1, is-glob@~4.0.1:
  version "4.0.3"
  resolved "https://registry.npmjs.org/is-glob/-/is-glob-4.0.3.tgz"
  integrity sha512-xelSayHH36ZgE7ZWhli7pW34hNbNl8Ojv5KVmkJD4hBdD3th8Tfk9vYasLM+mXWOZhFkgZfxhLSnrwRr4elSSg==
  dependencies:
    is-extglob "^2.1.1"

is-number@^7.0.0:
  version "7.0.0"
  resolved "https://registry.npmjs.org/is-number/-/is-number-7.0.0.tgz"
  integrity sha512-41Cifkg6e8TylSpdtTpeLVMqvSBEVzTttHvERD741+pnZ8ANv0004MRL43QKPDlK9cGvNp6NZWZUBlbGXYxxng==

"js-tokens@^3.0.0 || ^4.0.0":
  version "4.0.0"
  resolved "https://registry.npmjs.org/js-tokens/-/js-tokens-4.0.0.tgz"
  integrity sha512-RdJUflcE3cUzKiMqQgsCu06FPu9UdIJO0beYbPhHN4k6apgJtifcoCtT9bcxOpYBtpD2kCM6Sbzg4CausW/PKQ==

loose-envify@^1.1.0:
  version "1.4.0"
  resolved "https://registry.npmjs.org/loose-envify/-/loose-envify-1.4.0.tgz"
  integrity sha512-lyuxPGr/Wfhrlem2CL/UcnUc1zcqKAImBDzukY7Y5F/yQiNdko6+fRLevlw1HgMySw7f611UIY408EtxRSoK3Q==
  dependencies:
    js-tokens "^3.0.0 || ^4.0.0"

nanoid@^3.3.6:
  version "3.3.7"
  resolved "https://registry.npmjs.org/nanoid/-/nanoid-3.3.7.tgz"
  integrity sha512-eSRppjcPIatRIMC1U6UngP8XFcz8MQWGQdt1MTBQ7NaAmvXDfvNxbvWV3x2y6CdEUciCSsDHDQZbhYaB8QEo2g==

next@14.2.1:
  version "14.2.1"
  resolved "https://registry.npmjs.org/next/-/next-14.2.1.tgz"
  integrity sha512-SF3TJnKdH43PMkCcErLPv+x/DY1YCklslk3ZmwaVoyUfDgHKexuKlf9sEfBQ69w+ue8jQ3msLb+hSj1T19hGag==
  dependencies:
    "@next/env" "14.2.1"
    "@swc/helpers" "0.5.5"
    busboy "1.6.0"
    caniuse-lite "^1.0.30001579"
    graceful-fs "^4.2.11"
    postcss "8.4.31"
    styled-jsx "5.1.1"
  optionalDependencies:
    "@next/swc-darwin-arm64" "14.2.1"
    "@next/swc-darwin-x64" "14.2.1"
    "@next/swc-linux-arm64-gnu" "14.2.1"
    "@next/swc-linux-arm64-musl" "14.2.1"
    "@next/swc-linux-x64-gnu" "14.2.1"
    "@next/swc-linux-x64-musl" "14.2.1"
    "@next/swc-win32-arm64-msvc" "14.2.1"
    "@next/swc-win32-ia32-msvc" "14.2.1"
    "@next/swc-win32-x64-msvc" "14.2.1"

normalize-path@^3.0.0, normalize-path@~3.0.0:
  version "3.0.0"
  resolved "https://registry.npmjs.org/normalize-path/-/normalize-path-3.0.0.tgz"
  integrity sha512-6eZs5Ls3WtCisHWp9S2GUy8dqkpGi4BVSz3GaqiE6ezub0512ESztXUwUB6C6IKbQkY2Pnb/mD4WYojCRwcwLA==

picocolors@^1.0.0:
  version "1.0.0"
  resolved "https://registry.npmjs.org/picocolors/-/picocolors-1.0.0.tgz"
  integrity sha512-1fygroTLlHu66zi26VoTDv8yRgm0Fccecssto+MhsZ0D/DGW2sm8E8AjW7NU5VVTRt5GxbeZ5qBuJr+HyLYkjQ==

picomatch@^2.0.4, picomatch@^2.2.1:
  version "2.3.1"
  resolved "https://registry.npmjs.org/picomatch/-/picomatch-2.3.1.tgz"
  integrity sha512-JU3teHTNjmE2VCGFzuY8EXzCDVwEqB2a8fsIvwaStHhAWJEeVd1o1QD80CU6+ZdEXXSLbSsuLwJjkCBWqRQUVA==

postcss@8.4.31:
  version "8.4.31"
  resolved "https://registry.npmjs.org/postcss/-/postcss-8.4.31.tgz"
  integrity sha512-PS08Iboia9mts/2ygV3eLpY5ghnUcfLV/EXTOW1E2qYxJKGGBUtNjN76FYHnMs36RmARn41bC0AZmn+rR0OVpQ==
  dependencies:
    nanoid "^3.3.6"
    picocolors "^1.0.0"
    source-map-js "^1.0.2"

react-dom@^18:
  version "18.2.0"
  resolved "https://registry.npmjs.org/react-dom/-/react-dom-18.2.0.tgz"
  integrity sha512-6IMTriUmvsjHUjNtEDudZfuDQUoWXVxKHhlEGSk81n4YFS+r/Kl99wXiwlVXtPBtJenozv2P+hxDsw9eA7Xo6g==
  dependencies:
    loose-envify "^1.1.0"
    scheduler "^0.23.0"

react-redux@^9.1.1:
  version "9.1.1"
  resolved "https://registry.yarnpkg.com/react-redux/-/react-redux-9.1.1.tgz#852ec13084bd7375e26db697d2fc9027ffada204"
  integrity sha512-5ynfGDzxxsoV73+4czQM56qF43vsmgJsO22rmAvU5tZT2z5Xow/A2uhhxwXuGTxgdReF3zcp7A80gma2onRs1A==
  dependencies:
    "@types/use-sync-external-store" "^0.0.3"
    use-sync-external-store "^1.0.0"

react@^18:
  version "18.2.0"
  resolved "https://registry.npmjs.org/react/-/react-18.2.0.tgz"
  integrity sha512-/3IjMdb2L9QbBdWiW5e3P2/npwMBaU9mHCSCUzNln0ZCYbcfTsGbTJrU/kGemdH2IWmB2ioZ+zkxtmq6g09fGQ==
  dependencies:
    loose-envify "^1.1.0"

readdirp@~3.6.0:
  version "3.6.0"
  resolved "https://registry.npmjs.org/readdirp/-/readdirp-3.6.0.tgz"
  integrity sha512-hOS089on8RduqdbhvQ5Z37A0ESjsqz6qnRcffsMU3495FuTdqSm+7bhJ29JvIOsBDEEnan5DPu9t3To9VRlMzA==
  dependencies:
    picomatch "^2.2.1"

redux-thunk@^3.1.0:
  version "3.1.0"
  resolved "https://registry.yarnpkg.com/redux-thunk/-/redux-thunk-3.1.0.tgz#94aa6e04977c30e14e892eae84978c1af6058ff3"
  integrity sha512-NW2r5T6ksUKXCabzhL9z+h206HQw/NJkcLm1GPImRQ8IzfXwRGqjVhKJGauHirT0DAuyy6hjdnMZaRoAcy0Klw==

redux@^5.0.1:
  version "5.0.1"
  resolved "https://registry.yarnpkg.com/redux/-/redux-5.0.1.tgz#97fa26881ce5746500125585d5642c77b6e9447b"
  integrity sha512-M9/ELqF6fy8FwmkpnF0S3YKOqMyoWJ4+CS5Efg2ct3oY9daQvd/Pc71FpGZsVsbl3Cpb+IIcjBDUnnyBdQbq4w==

reselect@^5.0.1:
  version "5.1.0"
  resolved "https://registry.yarnpkg.com/reselect/-/reselect-5.1.0.tgz#c479139ab9dd91be4d9c764a7f3868210ef8cd21"
  integrity sha512-aw7jcGLDpSgNDyWBQLv2cedml85qd95/iszJjN988zX1t7AVRJi19d9kto5+W7oCfQ94gyo40dVbT6g2k4/kXg==

sass@^1.75.0:
  version "1.75.0"
  resolved "https://registry.npmjs.org/sass/-/sass-1.75.0.tgz"
  integrity sha512-ShMYi3WkrDWxExyxSZPst4/okE9ts46xZmJDSawJQrnte7M1V9fScVB+uNXOVKRBt0PggHOwoZcn8mYX4trnBw==
  dependencies:
    chokidar ">=3.0.0 <4.0.0"
    immutable "^4.0.0"
    source-map-js ">=0.6.2 <2.0.0"

scheduler@^0.23.0:
  version "0.23.0"
  resolved "https://registry.npmjs.org/scheduler/-/scheduler-0.23.0.tgz"
  integrity sha512-CtuThmgHNg7zIZWAXi3AsyIzA3n4xx7aNyjwC2VJldO2LMVDhFK+63xGqq6CsJH4rTAt6/M+N4GhZiDYPx9eUw==
  dependencies:
    loose-envify "^1.1.0"

"source-map-js@>=0.6.2 <2.0.0", source-map-js@^1.0.2:
  version "1.2.0"
  resolved "https://registry.npmjs.org/source-map-js/-/source-map-js-1.2.0.tgz"
  integrity sha512-itJW8lvSA0TXEphiRoawsCksnlf8SyvmFzIhltqAHluXd88pkCd+cXJVHTDwdCr0IzwptSm035IHQktUu1QUMg==

streamsearch@^1.1.0:
  version "1.1.0"
  resolved "https://registry.npmjs.org/streamsearch/-/streamsearch-1.1.0.tgz"
  integrity sha512-Mcc5wHehp9aXz1ax6bZUyY5afg9u2rv5cqQI3mRrYkGC8rW2hM02jWuwjtL++LS5qinSyhj2QfLyNsuc+VsExg==

styled-jsx@5.1.1:
  version "5.1.1"
  resolved "https://registry.npmjs.org/styled-jsx/-/styled-jsx-5.1.1.tgz"
  integrity sha512-pW7uC1l4mBZ8ugbiZrcIsiIvVx1UmTfw7UkC3Um2tmfUq9Bhk8IiyEIPl6F8agHgjzku6j0xQEZbfA5uSgSaCw==
  dependencies:
    client-only "0.0.1"

to-regex-range@^5.0.1:
  version "5.0.1"
  resolved "https://registry.npmjs.org/to-regex-range/-/to-regex-range-5.0.1.tgz"
  integrity sha512-65P7iz6X5yEr1cwcgvQxbbIw7Uk3gOy5dIdtZ4rDveLqhrdJP+Li/Hx6tyK0NEb+2GCyneCMJiGqrADCSNk8sQ==
  dependencies:
    is-number "^7.0.0"

tslib@^2.4.0:
  version "2.6.2"
  resolved "https://registry.npmjs.org/tslib/-/tslib-2.6.2.tgz"
  integrity sha512-AEYxH93jGFPn/a2iVAwW87VuUIkR1FVUKB77NwMF7nBTDkDrrT/Hpt/IrCJ0QXhW27jTBDcf5ZY7w6RiqTMw2Q==

typescript@^5:
  version "5.4.5"
  resolved "https://registry.npmjs.org/typescript/-/typescript-5.4.5.tgz"
  integrity sha512-vcI4UpRgg81oIRUFwR0WSIHKt11nJ7SAVlYNIu+QpqeyXP+gpQJy/Z4+F0aGxSE4MqwjyXvW/TzgkLAx2AGHwQ==

undici-types@~5.26.4:
  version "5.26.5"
  resolved "https://registry.npmjs.org/undici-types/-/undici-types-5.26.5.tgz"
  integrity sha512-JlCMO+ehdEIKqlFxk6IfVoAUVmgz7cU7zD/h9XZ0qzeosSHmUJVOzSQvvYSYWXkFXC+IfLKSIffhv0sVZup6pA==

use-sync-external-store@^1.0.0:
  version "1.2.0"
  resolved "https://registry.yarnpkg.com/use-sync-external-store/-/use-sync-external-store-1.2.0.tgz#7dbefd6ef3fe4e767a0cf5d7287aacfb5846928a"
  integrity sha512-eEgnFxGQ1Ife9bzYs6VLi8/4X6CObHMw9Qr9tPY43iKwsPw8xE8+EFsf/2cFZ5S3esXgpWgtSCtLNS41F+sKPA==
